
Microsoft Visual Studio Solution File, Format Version 12.00
# Visual Studio Version 16
VisualStudioVersion = 16.0.30711.63
MinimumVisualStudioVersion = 10.0.40219.1
Project("{FAE04EC0-301F-11D3-BF4B-00C04F79EFBC}") = "CopyAndRenameFiles", "CopyAndRenameFiles\CopyAndRenameFiles.csproj", "{BB05B300-EEF2-4077-8FB7-D8001C7ACE53}"
EndProject
Global
	GlobalSection(SolutionConfigurationPlatforms) = preSolution
		Debug|Any CPU = Debug|Any CPU
		Release|Any CPU = Release|Any CPU
	EndGlobalSection
	GlobalSection(ProjectConfigurationPlatforms) = postSolution
		{BB05B300-EEF2-4077-8FB7-D8001C7ACE53}.Debug|Any CPU.ActiveCfg = Debug|Any CPU
		{BB05B300-EEF2-4077-8FB7-D8001C7ACE53}.Debug|Any CPU.Build.0 = Debug|Any CPU
		{BB05B300-EEF2-4077-8FB7-D8001C7ACE53}.Release|Any CPU.ActiveCfg = Release|Any CPU
		{BB05B300-EEF2-4077-8FB7-D8001C7ACE53}.Release|Any CPU.Build.0 = Release|Any CPU
	EndGlobalSection
	GlobalSection(SolutionProperties) = preSolution
		HideSolutionNode = FALSE
	EndGlobalSection
	GlobalSection(ExtensibilityGlobals) = postSolution
		SolutionGuid = {9C5DFDAA-0ABE-48D1-8524-B1AD789CF7BC}
	EndGlobalSection
EndGlobal
